
Microsoft Visual Studio Solution File, Format Version 12.00
# Visual Studio Version 17
VisualStudioVersion = 17.8.34525.116
MinimumVisualStudioVersion = 10.0.40219.1
Project("{54A90642-561A-4BB1-A94E-469ADEE60C69}") = "reactiot", "ReactIot\reactiot.esproj", "{3076C5CC-A3E5-47BF-8B1B-599FAF7B9871}"
EndProject
Global
	GlobalSection(SolutionConfigurationPlatforms) = preSolution
		Debug|Any CPU = Debug|Any CPU
		Release|Any CPU = Release|Any CPU
	EndGlobalSection
	GlobalSection(ProjectConfigurationPlatforms) = postSolution
		{3076C5CC-A3E5-47BF-8B1B-599FAF7B9871}.Debug|Any CPU.ActiveCfg = Debug|Any CPU
		{3076C5CC-A3E5-47BF-8B1B-599FAF7B9871}.Debug|Any CPU.Build.0 = Debug|Any CPU
		{3076C5CC-A3E5-47BF-8B1B-599FAF7B9871}.Debug|Any CPU.Deploy.0 = Debug|Any CPU
		{3076C5CC-A3E5-47BF-8B1B-599FAF7B9871}.Release|Any CPU.ActiveCfg = Release|Any CPU
		{3076C5CC-A3E5-47BF-8B1B-599FAF7B9871}.Release|Any CPU.Build.0 = Release|Any CPU
		{3076C5CC-A3E5-47BF-8B1B-599FAF7B9871}.Release|Any CPU.Deploy.0 = Release|Any CPU
	EndGlobalSection
	GlobalSection(SolutionProperties) = preSolution
		HideSolutionNode = FALSE
	EndGlobalSection
	GlobalSection(ExtensibilityGlobals) = postSolution
		SolutionGuid = {FE40222E-1229-42DD-8DF0-F0783B3ACC97}
	EndGlobalSection
EndGlobal
